// !$*UTF8*$!
{
	archiveVersion = 1;
	classes = {
	};
	objectVersion = 50;
	objects = {

/* Begin PBXBuildFile section */
		F13A5A5020D1A8AB00FD0364 /* ReminderProtocol.swift in Sources */ = {isa = PBXBuildFile; fileRef = F13A5A4F20D1A8AB00FD0364 /* ReminderProtocol.swift */; };
		F1D8145E20CF16E900E65F93 /* AppDelegate.swift in Sources */ = {isa = PBXBuildFile; fileRef = F1D8145D20CF16E900E65F93 /* AppDelegate.swift */; };
		F1D8146020CF16E900E65F93 /* MainViewController.swift in Sources */ = {isa = PBXBuildFile; fileRef = F1D8145F20CF16E900E65F93 /* MainViewController.swift */; };
		F1D8146320CF16E900E65F93 /* Main.storyboard in Resources */ = {isa = PBXBuildFile; fileRef = F1D8146120CF16E900E65F93 /* Main.storyboard */; };
		F1D8146620CF16E900E65F93 /* mifTest.xcdatamodeld in Sources */ = {isa = PBXBuildFile; fileRef = F1D8146420CF16E900E65F93 /* mifTest.xcdatamodeld */; };
		F1D8146820CF16EA00E65F93 /* Assets.xcassets in Resources */ = {isa = PBXBuildFile; fileRef = F1D8146720CF16EA00E65F93 /* Assets.xcassets */; };
		F1D8146B20CF16EA00E65F93 /* LaunchScreen.storyboard in Resources */ = {isa = PBXBuildFile; fileRef = F1D8146920CF16EA00E65F93 /* LaunchScreen.storyboard */; };
		F1D8147320CF175400E65F93 /* MainTableViewCell.swift in Sources */ = {isa = PBXBuildFile; fileRef = F1D8147220CF175400E65F93 /* MainTableViewCell.swift */; };
		F1D8147620CF1BA200E65F93 /* AddReminderVC.swift in Sources */ = {isa = PBXBuildFile; fileRef = F1D8147520CF1BA200E65F93 /* AddReminderVC.swift */; };
/* End PBXBuildFile section */

/* Begin PBXFileReference section */
		F13A5A4F20D1A8AB00FD0364 /* ReminderProtocol.swift */ = {isa = PBXFileReference; fileEncoding = 4; lastKnownFileType = sourcecode.swift; path = ReminderProtocol.swift; sourceTree = "<group>"; };
		F1D8145A20CF16E900E65F93 /* mifTest.app */ = {isa = PBXFileReference; explicitFileType = wrapper.application; includeInIndex = 0; path = mifTest.app; sourceTree = BUILT_PRODUCTS_DIR; };
		F1D8145D20CF16E900E65F93 /* AppDelegate.swift */ = {isa = PBXFileReference; lastKnownFileType = sourcecode.swift; path = AppDelegate.swift; sourceTree = "<group>"; };
		F1D8145F20CF16E900E65F93 /* MainViewController.swift */ = {isa = PBXFileReference; lastKnownFileType = sourcecode.swift; path = MainViewController.swift; sourceTree = "<group>"; };
		F1D8146220CF16E900E65F93 /* Base */ = {isa = PBXFileReference; lastKnownFileType = file.storyboard; name = Base; path = Base.lproj/Main.storyboard; sourceTree = "<group>"; };
		F1D8146520CF16E900E65F93 /* mifTest.xcdatamodel */ = {isa = PBXFileReference; lastKnownFileType = wrapper.xcdatamodel; path = mifTest.xcdatamodel; sourceTree = "<group>"; };
		F1D8146720CF16EA00E65F93 /* Assets.xcassets */ = {isa = PBXFileReference; lastKnownFileType = folder.assetcatalog; path = Assets.xcassets; sourceTree = "<group>"; };
		F1D8146A20CF16EA00E65F93 /* Base */ = {isa = PBXFileReference; lastKnownFileType = file.storyboard; name = Base; path = Base.lproj/LaunchScreen.storyboard; sourceTree = "<group>"; };
		F1D8146C20CF16EA00E65F93 /* Info.plist */ = {isa = PBXFileReference; lastKnownFileType = text.plist.xml; path = Info.plist; sourceTree = "<group>"; };
		F1D8147220CF175400E65F93 /* MainTableViewCell.swift */ = {isa = PBXFileReference; lastKnownFileType = sourcecode.swift; path = MainTableViewCell.swift; sourceTree = "<group>"; };
		F1D8147520CF1BA200E65F93 /* AddReminderVC.swift */ = {isa = PBXFileReference; lastKnownFileType = sourcecode.swift; path = AddReminderVC.swift; sourceTree = "<group>"; };
/* End PBXFileReference section */

/* Begin PBXFrameworksBuildPhase section */
		F1D8145720CF16E900E65F93 /* Frameworks */ = {
			isa = PBXFrameworksBuildPhase;
			buildActionMask = 2147483647;
			files = (
			);
			runOnlyForDeploymentPostprocessing = 0;
		};
/* End PBXFrameworksBuildPhase section */

/* Begin PBXGroup section */
		F102F67720D26AEA006154F8 /* View */ = {
			isa = PBXGroup;
			children = (
				F1D8146120CF16E900E65F93 /* Main.storyboard */,
				F1D8146920CF16EA00E65F93 /* LaunchScreen.storyboard */,
				F1D8147220CF175400E65F93 /* MainTableViewCell.swift */,
			);
			path = View;
			sourceTree = "<group>";
		};
		F102F67820D26B0E006154F8 /* Model */ = {
			isa = PBXGroup;
			children = (
				F1D8146420CF16E900E65F93 /* mifTest.xcdatamodeld */,
			);
			path = Model;
			sourceTree = "<group>";
		};
		F1D8145120CF16E900E65F93 = {
			isa = PBXGroup;
			children = (
				F1D8145C20CF16E900E65F93 /* mifTest */,
				F1D8145B20CF16E900E65F93 /* Products */,
			);
			sourceTree = "<group>";
		};
		F1D8145B20CF16E900E65F93 /* Products */ = {
			isa = PBXGroup;
			children = (
				F1D8145A20CF16E900E65F93 /* mifTest.app */,
			);
			name = Products;
			sourceTree = "<group>";
		};
		F1D8145C20CF16E900E65F93 /* mifTest */ = {
			isa = PBXGroup;
			children = (
				F1D8145D20CF16E900E65F93 /* AppDelegate.swift */,
				F102F67820D26B0E006154F8 /* Model */,
				F102F67720D26AEA006154F8 /* View */,
				F1D8147420CF1B6300E65F93 /* Controllers */,
				F1D8146720CF16EA00E65F93 /* Assets.xcassets */,
				F1D8146C20CF16EA00E65F93 /* Info.plist */,
				F13A5A4F20D1A8AB00FD0364 /* ReminderProtocol.swift */,
			);
			path = mifTest;
			sourceTree = "<group>";
		};
		F1D8147420CF1B6300E65F93 /* Controllers */ = {
			isa = PBXGroup;
			children = (
				F1D8145F20CF16E900E65F93 /* MainViewController.swift */,
				F1D8147520CF1BA200E65F93 /* AddReminderVC.swift */,
			);
			path = Controllers;
			sourceTree = "<group>";
		};
/* End PBXGroup section */

/* Begin PBXNativeTarget section */
		F1D8145920CF16E900E65F93 /* mifTest */ = {
			isa = PBXNativeTarget;
			buildConfigurationList = F1D8146F20CF16EA00E65F93 /* Build configuration list for PBXNativeTarget "mifTest" */;
			buildPhases = (
				F1D8145620CF16E900E65F93 /* Sources */,
				F1D8145720CF16E900E65F93 /* Frameworks */,
				F1D8145820CF16E900E65F93 /* Resources */,
			);
			buildRules = (
			);
			dependencies = (
			);
			name = mifTest;
			productName = mifTest;
			productReference = F1D8145A20CF16E900E65F93 /* mifTest.app */;
			productType = "com.apple.product-type.application";
		};
/* End PBXNativeTarget section */

/* Begin PBXProject section */
		F1D8145220CF16E900E65F93 /* Project object */ = {
			isa = PBXProject;
			attributes = {
				LastSwiftUpdateCheck = 0930;
				LastUpgradeCheck = 0930;
				ORGANIZATIONNAME = "Anton Yermakov";
				TargetAttributes = {
					F1D8145920CF16E900E65F93 = {
						CreatedOnToolsVersion = 9.3;
					};
				};
			};
			buildConfigurationList = F1D8145520CF16E900E65F93 /* Build configuration list for PBXProject "mifTest" */;
			compatibilityVersion = "Xcode 9.3";
			developmentRegion = en;
			hasScannedForEncodings = 0;
			knownRegions = (
				en,
				Base,
			);
			mainGroup = F1D8145120CF16E900E65F93;
			productRefGroup = F1D8145B20CF16E900E65F93 /* Products */;
			projectDirPath = "";
			projectRoot = "";
			targets = (
				F1D8145920CF16E900E65F93 /* mifTest */,
			);
		};
/* End PBXProject section */

/* Begin PBXResourcesBuildPhase section */
		F1D8145820CF16E900E65F93 /* Resources */ = {
			isa = PBXResourcesBuildPhase;
			buildActionMask = 2147483647;
			files = (
				F1D8146B20CF16EA00E65F93 /* LaunchScreen.storyboard in Resources */,
				F1D8146820CF16EA00E65F93 /* Assets.xcassets in Resources */,
				F1D8146320CF16E900E65F93 /* Main.storyboard in Resources */,
			);
			runOnlyForDeploymentPostprocessing = 0;
		};
/* End PBXResourcesBuildPhase section */

/* Begin PBXSourcesBuildPhase section */
		F1D8145620CF16E900E65F93 /* Sources */ = {
			isa = PBXSourcesBuildPhase;
			buildActionMask = 2147483647;
			files = (
				F1D8146620CF16E900E65F93 /* mifTest.xcdatamodeld in Sources */,
				F1D8146020CF16E900E65F93 /* MainViewController.swift in Sources */,
				F1D8147320CF175400E65F93 /* MainTableViewCell.swift in Sources */,
				F1D8147620CF1BA200E65F93 /* AddReminderVC.swift in Sources */,
				F13A5A5020D1A8AB00FD0364 /* ReminderProtocol.swift in Sources */,
				F1D8145E20CF16E900E65F93 /* AppDelegate.swift in Sources */,
			);
			runOnlyForDeploymentPostprocessing = 0;
		};
/* End PBXSourcesBuildPhase section */

/* Begin PBXVariantGroup section */
		F1D8146120CF16E900E65F93 /* Main.storyboard */ = {
			isa = PBXVariantGroup;
			children = (
				F1D8146220CF16E900E65F93 /* Base */,
			);
			name = Main.storyboard;
			sourceTree = "<group>";
		};
		F1D8146920CF16EA00E65F93 /* LaunchScreen.storyboard */ = {
			isa = PBXVariantGroup;
			children = (
				F1D8146A20CF16EA00E65F93 /* Base */,
			);
			name = LaunchScreen.storyboard;
			sourceTree = "<group>";
		};
/* End PBXVariantGroup section */

/* Begin XCBuildConfiguration section */
		F1D8146D20CF16EA00E65F93 /* Debug */ = {
			isa = XCBuildConfiguration;
			buildSettings = {
				ALWAYS_SEARCH_USER_PATHS = NO;
				CLANG_ANALYZER_NONNULL = YES;
				CLANG_ANALYZER_NUMBER_OBJECT_CONVERSION = YES_AGGRESSIVE;
				CLANG_CXX_LANGUAGE_STANDARD = "gnu++14";
				CLANG_CXX_LIBRARY = "libc++";
				CLANG_ENABLE_MODULES = YES;
				CLANG_ENABLE_OBJC_ARC = YES;
				CLANG_ENABLE_OBJC_WEAK = YES;
				CLANG_WARN_BLOCK_CAPTURE_AUTORELEASING = YES;
				CLANG_WARN_BOOL_CONVERSION = YES;
				CLANG_WARN_COMMA = YES;
				CLANG_WARN_CONSTANT_CONVERSION = YES;
				CLANG_WARN_DEPRECATED_OBJC_IMPLEMENTATIONS = YES;
				CLANG_WARN_DIRECT_OBJC_ISA_USAGE = YES_ERROR;
				CLANG_WARN_DOCUMENTATION_COMMENTS = YES;
				CLANG_WARN_EMPTY_BODY = YES;
				CLANG_WARN_ENUM_CONVERSION = YES;
				CLANG_WARN_INFINITE_RECURSION = YES;
				CLANG_WARN_INT_CONVERSION = YES;
				CLANG_WARN_NON_LITERAL_NULL_CONVERSION = YES;
				CLANG_WARN_OBJC_IMPLICIT_RETAIN_SELF = YES;
				CLANG_WARN_OBJC_LITERAL_CONVERSION = YES;
				CLANG_WARN_OBJC_ROOT_CLASS = YES_ERROR;
				CLANG_WARN_RANGE_LOOP_ANALYSIS = YES;
				CLANG_WARN_STRICT_PROTOTYPES = YES;
				CLANG_WARN_SUSPICIOUS_MOVE = YES;
				CLANG_WARN_UNGUARDED_AVAILABILITY = YES_AGGRESSIVE;
				CLANG_WARN_UNREACHABLE_CODE = YES;
				CLANG_WARN__DUPLICATE_METHOD_MATCH = YES;
				CODE_SIGN_IDENTITY = "iPhone Developer";
				COPY_PHASE_STRIP = NO;
				DEBUG_INFORMATION_FORMAT = dwarf;
				ENABLE_STRICT_OBJC_MSGSEND = YES;
				ENABLE_TESTABILITY = YES;
				GCC_C_LANGUAGE_STANDARD = gnu11;
				GCC_DYNAMIC_NO_PIC = NO;
				GCC_NO_COMMON_BLOCKS = YES;
				GCC_OPTIMIZATION_LEVEL = 0;
				GCC_PREPROCESSOR_DEFINITIONS = (
					"DEBUG=1",
					"$(inherited)",
				);
				GCC_WARN_64_TO_32_BIT_CONVERSION = YES;
				GCC_WARN_ABOUT_RETURN_TYPE = YES_ERROR;
				GCC_WARN_UNDECLARED_SELECTOR = YES;
				GCC_WARN_UNINITIALIZED_AUTOS = YES_AGGRESSIVE;
				GCC_WARN_UNUSED_FUNCTION = YES;
				GCC_WARN_UNUSED_VARIABLE = YES;
				IPHONEOS_DEPLOYMENT_TARGET = 11.3;
				MTL_ENABLE_DEBUG_INFO = YES;
				ONLY_ACTIVE_ARCH = YES;
				SDKROOT = iphoneos;
				SWIFT_ACTIVE_COMPILATION_CONDITIONS = DEBUG;
				SWIFT_OPTIMIZATION_LEVEL = "-Onone";
			};
			name = Debug;
		};
		F1D8146E20CF16EA00E65F93 /* Release */ = {
			isa = XCBuildConfiguration;
			buildSettings = {
				ALWAYS_SEARCH_USER_PATHS = NO;
				CLANG_ANALYZER_NONNULL = YES;
				CLANG_ANALYZER_NUMBER_OBJECT_CONVERSION = YES_AGGRESSIVE;
				CLANG_CXX_LANGUAGE_STANDARD = "gnu++14";
				CLANG_CXX_LIBRARY = "libc++";
				CLANG_ENABLE_MODULES = YES;
				CLANG_ENABLE_OBJC_ARC = YES;
				CLANG_ENABLE_OBJC_WEAK = YES;
				CLANG_WARN_BLOCK_CAPTURE_AUTORELEASING = YES;
				CLANG_WARN_BOOL_CONVERSION = YES;
				CLANG_WARN_COMMA = YES;
				CLANG_WARN_CONSTANT_CONVERSION = YES;
				CLANG_WARN_DEPRECATED_OBJC_IMPLEMENTATIONS = YES;
				CLANG_WARN_DIRECT_OBJC_ISA_USAGE = YES_ERROR;
				CLANG_WARN_DOCUMENTATION_COMMENTS = YES;
				CLANG_WARN_EMPTY_BODY = YES;
				CLANG_WARN_ENUM_CONVERSION = YES;
				CLANG_WARN_INFINITE_RECURSION = YES;
				CLANG_WARN_INT_CONVERSION = YES;
				CLANG_WARN_NON_LITERAL_NULL_CONVERSION = YES;
				CLANG_WARN_OBJC_IMPLICIT_RETAIN_SELF = YES;
				CLANG_WARN_OBJC_LITERAL_CONVERSION = YES;
				CLANG_WARN_OBJC_ROOT_CLASS = YES_ERROR;
				CLANG_WARN_RANGE_LOOP_ANALYSIS = YES;
				CLANG_WARN_STRICT_PROTOTYPES = YES;
				CLANG_WARN_SUSPICIOUS_MOVE = YES;
				CLANG_WARN_UNGUARDED_AVAILABILITY = YES_AGGRESSIVE;
				CLANG_WARN_UNREACHABLE_CODE = YES;
				CLANG_WARN__DUPLICATE_METHOD_MATCH = YES;
				CODE_SIGN_IDENTITY = "iPhone Developer";
				COPY_PHASE_STRIP = NO;
				DEBUG_INFORMATION_FORMAT = "dwarf-with-dsym";
				ENABLE_NS_ASSERTIONS = NO;
				ENABLE_STRICT_OBJC_MSGSEND = YES;
				GCC_C_LANGUAGE_STANDARD = gnu11;
				GCC_NO_COMMON_BLOCKS = YES;
				GCC_WARN_64_TO_32_BIT_CONVERSION = YES;
				GCC_WARN_ABOUT_RETURN_TYPE = YES_ERROR;
				GCC_WARN_UNDECLARED_SELECTOR = YES;
				GCC_WARN_UNINITIALIZED_AUTOS = YES_AGGRESSIVE;
				GCC_WARN_UNUSED_FUNCTION = YES;
				GCC_WARN_UNUSED_VARIABLE = YES;
				IPHONEOS_DEPLOYMENT_TARGET = 11.3;
				MTL_ENABLE_DEBUG_INFO = NO;
				SDKROOT = iphoneos;
				SWIFT_COMPILATION_MODE = wholemodule;
				SWIFT_OPTIMIZATION_LEVEL = "-O";
				VALIDATE_PRODUCT = YES;
			};
			name = Release;
		};
		F1D8147020CF16EA00E65F93 /* Debug */ = {
			isa = XCBuildConfiguration;
			buildSettings = {
				ASSETCATALOG_COMPILER_APPICON_NAME = AppIcon;
				CODE_SIGN_STYLE = Automatic;
				DEVELOPMENT_TEAM = 49C7VLRV8W;
				INFOPLIST_FILE = mifTest/Info.plist;
				IPHONEOS_DEPLOYMENT_TARGET = 11.0;
				LD_RUNPATH_SEARCH_PATHS = (
					"$(inherited)",
					"@executable_path/Frameworks",
				);
				PRODUCT_BUNDLE_IDENTIFIER = anton.mifTest;
				PRODUCT_NAME = "$(TARGET_NAME)";
				SWIFT_VERSION = 4.0;
				TARGETED_DEVICE_FAMILY = "1,2";
			};
			name = Debug;
		};
		F1D8147120CF16EA00E65F93 /* Release */ = {
			isa = XCBuildConfiguration;
			buildSettings = {
				ASSETCATALOG_COMPILER_APPICON_NAME = AppIcon;
				CODE_SIGN_STYLE = Automatic;
				DEVELOPMENT_TEAM = 49C7VLRV8W;
				INFOPLIST_FILE = mifTest/Info.plist;
				IPHONEOS_DEPLOYMENT_TARGET = 11.0;
				LD_RUNPATH_SEARCH_PATHS = (
					"$(inherited)",
					"@executable_path/Frameworks",
				);
				PRODUCT_BUNDLE_IDENTIFIER = anton.mifTest;
				PRODUCT_NAME = "$(TARGET_NAME)";
				SWIFT_VERSION = 4.0;
				TARGETED_DEVICE_FAMILY = "1,2";
			};
			name = Release;
		};
/* End XCBuildConfiguration section */

/* Begin XCConfigurationList section */
		F1D8145520CF16E900E65F93 /* Build configuration list for PBXProject "mifTest" */ = {
			isa = XCConfigurationList;
			buildConfigurations = (
				F1D8146D20CF16EA00E65F93 /* Debug */,
				F1D8146E20CF16EA00E65F93 /* Release */,
			);
			defaultConfigurationIsVisible = 0;
			defaultConfigurationName = Release;
		};
		F1D8146F20CF16EA00E65F93 /* Build configuration list for PBXNativeTarget "mifTest" */ = {
			isa = XCConfigurationList;
			buildConfigurations = (
				F1D8147020CF16EA00E65F93 /* Debug */,
				F1D8147120CF16EA00E65F93 /* Release */,
			);
			defaultConfigurationIsVisible = 0;
			defaultConfigurationName = Release;
		};
/* End XCConfigurationList section */

/* Begin XCVersionGroup section */
		F1D8146420CF16E900E65F93 /* mifTest.xcdatamodeld */ = {
			isa = XCVersionGroup;
			children = (
				F1D8146520CF16E900E65F93 /* mifTest.xcdatamodel */,
			);
			currentVersion = F1D8146520CF16E900E65F93 /* mifTest.xcdatamodel */;
			path = mifTest.xcdatamodeld;
			sourceTree = "<group>";
			versionGroupType = wrapper.xcdatamodel;
		};
/* End XCVersionGroup section */
	};
	rootObject = F1D8145220CF16E900E65F93 /* Project object */;
}
